{
  "version": 4,
  "terraform_version": "0.12.0",
  "serial": 51,
  "lineage": "513f8171-515b-a4fe-36a9-96827f215abd",
  "outputs": {
    "base_url": {
      "value": "https://m8lgjigxd8.execute-api.us-east-1.amazonaws.com/test",
      "type": "string"
    }
  },
  "resources": [
    {
      "mode": "data",
      "type": "terraform_remote_state",
      "name": "core_infra_dev",
      "provider": "provider.terraform",
      "instances": [
        {
          "schema_version": 0,
          "attributes": {
            "backend": "local",
            "config": {
              "value": {
                "path": "/home/suared/localdev/tfspace/infra/dev/terraform.tfstate"
              },
              "type": [
                "object",
                {
                  "path": "string"
                }
              ]
            },
            "defaults": null,
            "outputs": {
              "value": {
                "api_dns": {
                  "alias": [
                    {
                      "evaluate_target_health": false,
                      "name": "d21h1vwz1xm4mn.cloudfront.net",
                      "zone_id": "Z2FDTNDATAQYW2"
                    }
                  ],
                  "allow_overwrite": true,
                  "failover": null,
                  "failover_routing_policy": null,
                  "fqdn": "api.customappsolutions.com",
                  "geolocation_routing_policy": null,
                  "health_check_id": "",
                  "id": "ZCLKRSOTTPJPT_api.customappsolutions.com_A",
                  "latency_routing_policy": null,
                  "multivalue_answer_routing_policy": null,
                  "name": "api.customappsolutions.com",
                  "records": null,
                  "set_identifier": "",
                  "ttl": 0,
                  "type": "A",
                  "weight": null,
                  "weighted_routing_policy": null,
                  "zone_id": "ZCLKRSOTTPJPT"
                },
                "api_gw": {
                  "api_key_source": "HEADER",
                  "binary_media_types": null,
                  "body": null,
                  "created_date": "2019-02-22T16:17:18Z",
                  "description": "Terraform Primary API Gateway for all REST APIs.  Any recreate of this gateway will require updates of children Terraforms",
                  "endpoint_configuration": [
                    {
                      "types": [
                        "EDGE"
                      ]
                    }
                  ],
                  "execution_arn": "arn:aws:execute-api:us-east-1:179984542401:m8lgjigxd8",
                  "id": "m8lgjigxd8",
                  "minimum_compression_size": -1,
                  "name": "InfraGW",
                  "policy": "",
                  "root_resource_id": "lmqx0g72p5"
                },
                "aws_region": "us-east-1"
              },
              "type": [
                "object",
                {
                  "api_dns": [
                    "object",
                    {
                      "alias": [
                        "set",
                        [
                          "object",
                          {
                            "evaluate_target_health": "bool",
                            "name": "string",
                            "zone_id": "string"
                          }
                        ]
                      ],
                      "allow_overwrite": "bool",
                      "failover": "string",
                      "failover_routing_policy": [
                        "list",
                        [
                          "object",
                          {
                            "type": "string"
                          }
                        ]
                      ],
                      "fqdn": "string",
                      "geolocation_routing_policy": [
                        "list",
                        [
                          "object",
                          {
                            "continent": "string",
                            "country": "string",
                            "subdivision": "string"
                          }
                        ]
                      ],
                      "health_check_id": "string",
                      "id": "string",
                      "latency_routing_policy": [
                        "list",
                        [
                          "object",
                          {
                            "region": "string"
                          }
                        ]
                      ],
                      "multivalue_answer_routing_policy": "bool",
                      "name": "string",
                      "records": [
                        "set",
                        "string"
                      ],
                      "set_identifier": "string",
                      "ttl": "number",
                      "type": "string",
                      "weight": "number",
                      "weighted_routing_policy": [
                        "list",
                        [
                          "object",
                          {
                            "weight": "number"
                          }
                        ]
                      ],
                      "zone_id": "string"
                    }
                  ],
                  "api_gw": [
                    "object",
                    {
                      "api_key_source": "string",
                      "binary_media_types": [
                        "list",
                        "string"
                      ],
                      "body": "string",
                      "created_date": "string",
                      "description": "string",
                      "endpoint_configuration": [
                        "list",
                        [
                          "object",
                          {
                            "types": [
                              "list",
                              "string"
                            ]
                          }
                        ]
                      ],
                      "execution_arn": "string",
                      "id": "string",
                      "minimum_compression_size": "number",
                      "name": "string",
                      "policy": "string",
                      "root_resource_id": "string"
                    }
                  ],
                  "aws_region": "string"
                }
              ]
            },
            "workspace": "default"
          }
        }
      ]
    },
    {
      "mode": "managed",
      "type": "aws_api_gateway_deployment",
      "name": "process_gw",
      "provider": "provider.aws",
      "instances": [
        {
          "schema_version": 0,
          "attributes": {
            "created_date": "2019-10-19T07:52:17Z",
            "description": "",
            "execution_arn": "arn:aws:execute-api:us-east-1:179984542401:m8lgjigxd8/test",
            "id": "iw8djv",
            "invoke_url": "https://m8lgjigxd8.execute-api.us-east-1.amazonaws.com/test",
            "rest_api_id": "m8lgjigxd8",
            "stage_description": null,
            "stage_name": "test",
            "variables": null
          },
          "depends_on": [
            "aws_api_gateway_integration.lambda",
            "aws_api_gateway_resource.proxy"
          ]
        }
      ]
    },
    {
      "mode": "managed",
      "type": "aws_api_gateway_integration",
      "name": "lambda",
      "provider": "provider.aws",
      "instances": [
        {
          "schema_version": 0,
          "attributes": {
            "cache_key_parameters": null,
            "cache_namespace": "mwl0i6",
            "connection_id": "",
            "connection_type": "INTERNET",
            "content_handling": "",
            "credentials": "",
            "http_method": "ANY",
            "id": "agi-m8lgjigxd8-mwl0i6-ANY",
            "integration_http_method": "POST",
            "passthrough_behavior": "WHEN_NO_MATCH",
            "request_parameters": null,
            "request_parameters_in_json": null,
            "request_templates": null,
            "resource_id": "mwl0i6",
            "rest_api_id": "m8lgjigxd8",
            "timeout_milliseconds": 29000,
            "type": "AWS_PROXY",
            "uri": "arn:aws:apigateway:us-east-1:lambda:path/2015-03-31/functions/arn:aws:lambda:us-east-1:179984542401:function:LifeApp/invocations"
          },
          "depends_on": [
            "aws_api_gateway_method.proxy",
            "aws_api_gateway_resource.proxy",
            "aws_lambda_function.process_lambda"
          ]
        }
      ]
    },
    {
      "mode": "managed",
      "type": "aws_api_gateway_method",
      "name": "proxy",
      "provider": "provider.aws",
      "instances": [
        {
          "schema_version": 0,
          "attributes": {
            "api_key_required": false,
            "authorization": "NONE",
            "authorization_scopes": null,
            "authorizer_id": "",
            "http_method": "ANY",
            "id": "agm-m8lgjigxd8-mwl0i6-ANY",
            "request_models": null,
            "request_parameters": {
              "method.request.path.proxy": true
            },
            "request_parameters_in_json": null,
            "request_validator_id": "",
            "resource_id": "mwl0i6",
            "rest_api_id": "m8lgjigxd8"
          },
          "depends_on": [
            "aws_api_gateway_resource.proxy"
          ]
        }
      ]
    },
    {
      "mode": "managed",
      "type": "aws_api_gateway_resource",
      "name": "mservice",
      "provider": "provider.aws",
      "instances": [
        {
          "schema_version": 0,
          "attributes": {
            "id": "9lcbgi",
            "parent_id": "lmqx0g72p5",
            "path": "/lifeapp",
            "path_part": "lifeapp",
            "rest_api_id": "m8lgjigxd8"
          },
          "depends_on": [
            "data.terraform_remote_state.core_infra_dev"
          ]
        }
      ]
    },
    {
      "mode": "managed",
      "type": "aws_api_gateway_resource",
      "name": "proxy",
      "provider": "provider.aws",
      "instances": [
        {
          "schema_version": 0,
          "attributes": {
            "id": "mwl0i6",
            "parent_id": "9lcbgi",
            "path": "/lifeapp/{proxy+}",
            "path_part": "{proxy+}",
            "rest_api_id": "m8lgjigxd8"
          },
          "depends_on": [
            "aws_api_gateway_resource.mservice",
            "data.terraform_remote_state.core_infra_dev"
          ]
        }
      ]
    },
    {
      "mode": "managed",
      "type": "aws_dynamodb_table",
      "name": "process_table",
      "provider": "provider.aws",
      "instances": [
        {
          "schema_version": 1,
          "attributes": {
            "arn": "arn:aws:dynamodb:us-east-1:179984542401:table/category_dev",
            "attribute": [
              {
                "name": "CategoryHashKey",
                "type": "S"
              },
              {
                "name": "CategorySortKey",
                "type": "S"
              }
            ],
            "billing_mode": "PROVISIONED",
            "global_secondary_index": [],
            "hash_key": "CategoryHashKey",
            "id": "category_dev",
            "local_secondary_index": [],
            "name": "category_dev",
            "point_in_time_recovery": [
              {
                "enabled": false
              }
            ],
            "range_key": "CategorySortKey",
            "read_capacity": 1,
            "server_side_encryption": [],
            "stream_arn": "",
            "stream_enabled": false,
            "stream_label": "",
            "stream_view_type": "",
            "tags": {
              "TF": "lifeapp_dev"
            },
            "timeouts": {
              "create": null,
              "delete": null,
              "update": null
            },
            "ttl": [],
            "write_capacity": 1
          }
        }
      ]
    },
    {
      "mode": "managed",
      "type": "aws_iam_policy",
      "name": "cloudwatch-demo-policy",
      "provider": "provider.aws",
      "instances": [
        {
          "schema_version": 0,
          "attributes": {
            "arn": "arn:aws:iam::179984542401:policy/lifeapp-cloudwatch-policy",
            "description": "grants access to log in cloudwatch",
            "id": "arn:aws:iam::179984542401:policy/lifeapp-cloudwatch-policy",
            "name": "lifeapp-cloudwatch-policy",
            "name_prefix": null,
            "path": "/",
            "policy": "{\n    \"Version\": \"2012-10-17\",\n    \"Statement\": [\n        {\n            \"Effect\": \"Allow\",\n            \"Action\": [\n\t\t\t\t      \"logs:CreateLogStream\",\n\t\t\t\t      \"logs:PutLogEvents\",\n        \t\t\t\"logs:CreateLogGroup\"\n            ],\n            \"Resource\": [\n                \"*\"\n            ]\n        }\n    ]\n}"
          }
        }
      ]
    },
    {
      "mode": "managed",
      "type": "aws_iam_policy",
      "name": "dynamodb-policy",
      "provider": "provider.aws",
      "instances": [
        {
          "schema_version": 0,
          "attributes": {
            "arn": "arn:aws:iam::179984542401:policy/lifeapp-dynamodb-policy",
            "description": "grants access to  categories_dev",
            "id": "arn:aws:iam::179984542401:policy/lifeapp-dynamodb-policy",
            "name": "lifeapp-dynamodb-policy",
            "name_prefix": null,
            "path": "/",
            "policy": "{\n    \"Version\": \"2012-10-17\",\n    \"Statement\": [\n        {\n            \"Effect\": \"Allow\",\n            \"Action\": [\n                \"dynamodb:BatchGetItem\",\n                \"dynamodb:BatchWriteItem\",\n                \"dynamodb:DeleteItem\",\n                \"dynamodb:GetItem\",\n                \"dynamodb:PutItem\",\n                \"dynamodb:Query\",\n                \"dynamodb:UpdateItem\",\n                \"dynamodb:DescribeTable\"\n            ],\n            \"Resource\": [\n                \"arn:aws:dynamodb:*:*:table/category_dev\"\n            ]\n        }\n    ]\n}"
          }
        }
      ]
    },
    {
      "mode": "managed",
      "type": "aws_iam_role",
      "name": "demo_lambda_exec",
      "provider": "provider.aws",
      "instances": [
        {
          "schema_version": 0,
          "attributes": {
            "arn": "arn:aws:iam::179984542401:role/lambda_lifeapp_role",
            "assume_role_policy": "{\"Version\":\"2012-10-17\",\"Statement\":[{\"Effect\":\"Allow\",\"Principal\":{\"Service\":\"lambda.amazonaws.com\"},\"Action\":\"sts:AssumeRole\"}]}",
            "create_date": "2019-10-19T07:52:03Z",
            "description": "",
            "force_detach_policies": false,
            "id": "lambda_lifeapp_role",
            "max_session_duration": 3600,
            "name": "lambda_lifeapp_role",
            "name_prefix": null,
            "path": "/",
            "permissions_boundary": null,
            "tags": null,
            "unique_id": "AROASTZ7KFLA6GIOVNSN6"
          }
        }
      ]
    },
    {
      "mode": "managed",
      "type": "aws_iam_role_policy_attachment",
      "name": "lambda-cloudwatch-policy",
      "provider": "provider.aws",
      "instances": [
        {
          "schema_version": 0,
          "attributes": {
            "id": "lambda_lifeapp_role-20191019075205180500000001",
            "policy_arn": "arn:aws:iam::179984542401:policy/lifeapp-cloudwatch-policy",
            "role": "lambda_lifeapp_role"
          },
          "depends_on": [
            "aws_iam_policy.cloudwatch-demo-policy",
            "aws_iam_role.demo_lambda_exec"
          ]
        }
      ]
    },
    {
      "mode": "managed",
      "type": "aws_iam_role_policy_attachment",
      "name": "lambda-db-policy",
      "provider": "provider.aws",
      "instances": [
        {
          "schema_version": 0,
          "attributes": {
            "id": "lambda_lifeapp_role-20191019154739637300000001",
            "policy_arn": "arn:aws:iam::179984542401:policy/lifeapp-dynamodb-policy",
            "role": "lambda_lifeapp_role"
          },
          "depends_on": [
            "aws_iam_policy.dynamodb-policy",
            "aws_iam_role.demo_lambda_exec"
          ]
        }
      ]
    },
    {
      "mode": "managed",
      "type": "aws_lambda_function",
      "name": "process_lambda",
      "provider": "provider.aws",
      "instances": [
        {
          "schema_version": 0,
          "attributes": {
            "arn": "arn:aws:lambda:us-east-1:179984542401:function:LifeApp",
            "dead_letter_config": [],
            "description": "",
            "environment": [
              {
                "variables": {
                  "LAMBDA_ENV": "true"
                }
              }
            ],
            "filename": null,
            "function_name": "LifeApp",
            "handler": "binarypkg",
            "id": "LifeApp",
            "invoke_arn": "arn:aws:apigateway:us-east-1:lambda:path/2015-03-31/functions/arn:aws:lambda:us-east-1:179984542401:function:LifeApp/invocations",
            "kms_key_arn": "",
            "last_modified": "2019-10-19T18:10:27.710+0000",
            "layers": null,
            "memory_size": 256,
            "publish": false,
            "qualified_arn": "arn:aws:lambda:us-east-1:179984542401:function:LifeApp:$LATEST",
            "reserved_concurrent_executions": 0,
            "role": "arn:aws:iam::179984542401:role/lambda_lifeapp_role",
            "runtime": "go1.x",
            "s3_bucket": "productively-terraform-dev",
            "s3_key": "dev-lifefapp.zip",
            "s3_object_version": null,
            "source_code_hash": "oLlSeKU16qUWfdfRqsTGF7YHhoz+E87nbt8Y92d9mNA=",
            "source_code_size": 4393063,
            "tags": {
              "TF": "lifeapp_dev"
            },
            "timeout": 15,
            "timeouts": {
              "create": null
            },
            "tracing_config": [
              {
                "mode": "PassThrough"
              }
            ],
            "version": "$LATEST",
            "vpc_config": []
          },
          "depends_on": [
            "aws_iam_role.demo_lambda_exec",
            "aws_s3_bucket_object.binary"
          ]
        }
      ]
    },
    {
      "mode": "managed",
      "type": "aws_lambda_permission",
      "name": "apigw",
      "provider": "provider.aws",
      "instances": [
        {
          "schema_version": 0,
          "attributes": {
            "action": "lambda:InvokeFunction",
            "event_source_token": null,
            "function_name": "arn:aws:lambda:us-east-1:179984542401:function:LifeApp",
            "id": "AllowAPIGatewayInvoke",
            "principal": "apigateway.amazonaws.com",
            "qualifier": "",
            "source_account": null,
            "source_arn": "arn:aws:execute-api:us-east-1:179984542401:m8lgjigxd8/*/*/lifeapp/*",
            "statement_id": "AllowAPIGatewayInvoke",
            "statement_id_prefix": null
          },
          "depends_on": [
            "aws_lambda_function.process_lambda",
            "data.terraform_remote_state.core_infra_dev"
          ]
        }
      ]
    },
    {
      "mode": "managed",
      "type": "aws_s3_bucket_object",
      "name": "binary",
      "provider": "provider.aws",
      "instances": [
        {
          "schema_version": 0,
          "attributes": {
            "acl": "private",
            "bucket": "productively-terraform-dev",
            "cache_control": "",
            "content": null,
            "content_base64": null,
            "content_disposition": "",
            "content_encoding": "",
            "content_language": "",
            "content_type": "binary/octet-stream",
            "etag": "f274b5ff5c67a0091832e19c358ad5cb",
            "id": "dev-lifefapp.zip",
            "key": "dev-lifefapp.zip",
            "kms_key_id": null,
            "server_side_encryption": "",
            "source": "/home/suared/localdev/gospace/src/lifeapp/binarypkg.zip",
            "storage_class": "STANDARD",
            "tags": null,
            "version_id": "",
            "website_redirect": ""
          }
        }
      ]
    }
  ]
}
